// !$*UTF8*$!
{
	archiveVersion = 1;
	classes = {
	};
	objectVersion = 50;
	objects = {

/* Begin PBXBuildFile section */
		3FA7E44A25EE402900D1ABC5 /* AppDelegate.swift in Sources */ = {isa = PBXBuildFile; fileRef = 3FA7E44925EE402900D1ABC5 /* AppDelegate.swift */; };
		3FA7E44C25EE402900D1ABC5 /* SceneDelegate.swift in Sources */ = {isa = PBXBuildFile; fileRef = 3FA7E44B25EE402900D1ABC5 /* SceneDelegate.swift */; };
		3FA7E44E25EE402900D1ABC5 /* ViewController.swift in Sources */ = {isa = PBXBuildFile; fileRef = 3FA7E44D25EE402900D1ABC5 /* ViewController.swift */; };
		3FA7E45125EE402900D1ABC5 /* Main.storyboard in Resources */ = {isa = PBXBuildFile; fileRef = 3FA7E44F25EE402900D1ABC5 /* Main.storyboard */; };
		3FA7E45325EE402C00D1ABC5 /* Assets.xcassets in Resources */ = {isa = PBXBuildFile; fileRef = 3FA7E45225EE402C00D1ABC5 /* Assets.xcassets */; };
		3FA7E45625EE402C00D1ABC5 /* LaunchScreen.storyboard in Resources */ = {isa = PBXBuildFile; fileRef = 3FA7E45425EE402C00D1ABC5 /* LaunchScreen.storyboard */; };
		3FA7E46125EE402C00D1ABC5 /* GuthubdemoTests.swift in Sources */ = {isa = PBXBuildFile; fileRef = 3FA7E46025EE402C00D1ABC5 /* GuthubdemoTests.swift */; };
		3FA7E46C25EE402D00D1ABC5 /* GuthubdemoUITests.swift in Sources */ = {isa = PBXBuildFile; fileRef = 3FA7E46B25EE402D00D1ABC5 /* GuthubdemoUITests.swift */; };
/* End PBXBuildFile section */

/* Begin PBXContainerItemProxy section */
		3FA7E45D25EE402C00D1ABC5 /* PBXContainerItemProxy */ = {
			isa = PBXContainerItemProxy;
			containerPortal = 3FA7E43E25EE402900D1ABC5 /* Project object */;
			proxyType = 1;
			remoteGlobalIDString = 3FA7E44525EE402900D1ABC5;
			remoteInfo = Guthubdemo;
		};
		3FA7E46825EE402D00D1ABC5 /* PBXContainerItemProxy */ = {
			isa = PBXContainerItemProxy;
			containerPortal = 3FA7E43E25EE402900D1ABC5 /* Project object */;
			proxyType = 1;
			remoteGlobalIDString = 3FA7E44525EE402900D1ABC5;
			remoteInfo = Guthubdemo;
		};
/* End PBXContainerItemProxy section */

/* Begin PBXFileReference section */
		3FA7E44625EE402900D1ABC5 /* Guthubdemo.app */ = {isa = PBXFileReference; explicitFileType = wrapper.application; includeInIndex = 0; path = Guthubdemo.app; sourceTree = BUILT_PRODUCTS_DIR; };
		3FA7E44925EE402900D1ABC5 /* AppDelegate.swift */ = {isa = PBXFileReference; lastKnownFileType = sourcecode.swift; path = AppDelegate.swift; sourceTree = "<group>"; };
		3FA7E44B25EE402900D1ABC5 /* SceneDelegate.swift */ = {isa = PBXFileReference; lastKnownFileType = sourcecode.swift; path = SceneDelegate.swift; sourceTree = "<group>"; };
		3FA7E44D25EE402900D1ABC5 /* ViewController.swift */ = {isa = PBXFileReference; lastKnownFileType = sourcecode.swift; path = ViewController.swift; sourceTree = "<group>"; };
		3FA7E45025EE402900D1ABC5 /* Base */ = {isa = PBXFileReference; lastKnownFileType = file.storyboard; name = Base; path = Base.lproj/Main.storyboard; sourceTree = "<group>"; };
		3FA7E45225EE402C00D1ABC5 /* Assets.xcassets */ = {isa = PBXFileReference; lastKnownFileType = folder.assetcatalog; path = Assets.xcassets; sourceTree = "<group>"; };
		3FA7E45525EE402C00D1ABC5 /* Base */ = {isa = PBXFileReference; lastKnownFileType = file.storyboard; name = Base; path = Base.lproj/LaunchScreen.storyboard; sourceTree = "<group>"; };
		3FA7E45725EE402C00D1ABC5 /* Info.plist */ = {isa = PBXFileReference; lastKnownFileType = text.plist.xml; path = Info.plist; sourceTree = "<group>"; };
		3FA7E45C25EE402C00D1ABC5 /* GuthubdemoTests.xctest */ = {isa = PBXFileReference; explicitFileType = wrapper.cfbundle; includeInIndex = 0; path = GuthubdemoTests.xctest; sourceTree = BUILT_PRODUCTS_DIR; };
		3FA7E46025EE402C00D1ABC5 /* GuthubdemoTests.swift */ = {isa = PBXFileReference; lastKnownFileType = sourcecode.swift; path = GuthubdemoTests.swift; sourceTree = "<group>"; };
		3FA7E46225EE402C00D1ABC5 /* Info.plist */ = {isa = PBXFileReference; lastKnownFileType = text.plist.xml; path = Info.plist; sourceTree = "<group>"; };
		3FA7E46725EE402D00D1ABC5 /* GuthubdemoUITests.xctest */ = {isa = PBXFileReference; explicitFileType = wrapper.cfbundle; includeInIndex = 0; path = GuthubdemoUITests.xctest; sourceTree = BUILT_PRODUCTS_DIR; };
		3FA7E46B25EE402D00D1ABC5 /* GuthubdemoUITests.swift */ = {isa = PBXFileReference; lastKnownFileType = sourcecode.swift; path = GuthubdemoUITests.swift; sourceTree = "<group>"; };
		3FA7E46D25EE402D00D1ABC5 /* Info.plist */ = {isa = PBXFileReference; lastKnownFileType = text.plist.xml; path = Info.plist; sourceTree = "<group>"; };
/* End PBXFileReference section */

/* Begin PBXFrameworksBuildPhase section */
		3FA7E44325EE402900D1ABC5 /* Frameworks */ = {
			isa = PBXFrameworksBuildPhase;
			buildActionMask = 2147483647;
			files = (
			);
			runOnlyForDeploymentPostprocessing = 0;
		};
		3FA7E45925EE402C00D1ABC5 /* Frameworks */ = {
			isa = PBXFrameworksBuildPhase;
			buildActionMask = 2147483647;
			files = (
			);
			runOnlyForDeploymentPostprocessing = 0;
		};
		3FA7E46425EE402D00D1ABC5 /* Frameworks */ = {
			isa = PBXFrameworksBuildPhase;
			buildActionMask = 2147483647;
			files = (
			);
			runOnlyForDeploymentPostprocessing = 0;
		};
/* End PBXFrameworksBuildPhase section */

/* Begin PBXGroup section */
		3FA7E43D25EE402900D1ABC5 = {
			isa = PBXGroup;
			children = (
				3FA7E44825EE402900D1ABC5 /* Guthubdemo */,
				3FA7E45F25EE402C00D1ABC5 /* GuthubdemoTests */,
				3FA7E46A25EE402D00D1ABC5 /* GuthubdemoUITests */,
				3FA7E44725EE402900D1ABC5 /* Products */,
			);
			sourceTree = "<group>";
		};
		3FA7E44725EE402900D1ABC5 /* Products */ = {
			isa = PBXGroup;
			children = (
				3FA7E44625EE402900D1ABC5 /* Guthubdemo.app */,
				3FA7E45C25EE402C00D1ABC5 /* GuthubdemoTests.xctest */,
				3FA7E46725EE402D00D1ABC5 /* GuthubdemoUITests.xctest */,
			);
			name = Products;
			sourceTree = "<group>";
		};
		3FA7E44825EE402900D1ABC5 /* Guthubdemo */ = {
			isa = PBXGroup;
			children = (
				3FA7E44925EE402900D1ABC5 /* AppDelegate.swift */,
				3FA7E44B25EE402900D1ABC5 /* SceneDelegate.swift */,
				3FA7E44D25EE402900D1ABC5 /* ViewController.swift */,
				3FA7E44F25EE402900D1ABC5 /* Main.storyboard */,
				3FA7E45225EE402C00D1ABC5 /* Assets.xcassets */,
				3FA7E45425EE402C00D1ABC5 /* LaunchScreen.storyboard */,
				3FA7E45725EE402C00D1ABC5 /* Info.plist */,
			);
			path = Guthubdemo;
			sourceTree = "<group>";
		};
		3FA7E45F25EE402C00D1ABC5 /* GuthubdemoTests */ = {
			isa = PBXGroup;
			children = (
				3FA7E46025EE402C00D1ABC5 /* GuthubdemoTests.swift */,
				3FA7E46225EE402C00D1ABC5 /* Info.plist */,
			);
			path = GuthubdemoTests;
			sourceTree = "<group>";
		};
		3FA7E46A25EE402D00D1ABC5 /* GuthubdemoUITests */ = {
			isa = PBXGroup;
			children = (
				3FA7E46B25EE402D00D1ABC5 /* GuthubdemoUITests.swift */,
				3FA7E46D25EE402D00D1ABC5 /* Info.plist */,
			);
			path = GuthubdemoUITests;
			sourceTree = "<group>";
		};
/* End PBXGroup section */

/* Begin PBXNativeTarget section */
		3FA7E44525EE402900D1ABC5 /* Guthubdemo */ = {
			isa = PBXNativeTarget;
			buildConfigurationList = 3FA7E47025EE402D00D1ABC5 /* Build configuration list for PBXNativeTarget "Guthubdemo" */;
			buildPhases = (
				3FA7E44225EE402900D1ABC5 /* Sources */,
				3FA7E44325EE402900D1ABC5 /* Frameworks */,
				3FA7E44425EE402900D1ABC5 /* Resources */,
			);
			buildRules = (
			);
			dependencies = (
			);
			name = Guthubdemo;
			productName = Guthubdemo;
			productReference = 3FA7E44625EE402900D1ABC5 /* Guthubdemo.app */;
			productType = "com.apple.product-type.application";
		};
		3FA7E45B25EE402C00D1ABC5 /* GuthubdemoTests */ = {
			isa = PBXNativeTarget;
			buildConfigurationList = 3FA7E47325EE402D00D1ABC5 /* Build configuration list for PBXNativeTarget "GuthubdemoTests" */;
			buildPhases = (
				3FA7E45825EE402C00D1ABC5 /* Sources */,
				3FA7E45925EE402C00D1ABC5 /* Frameworks */,
				3FA7E45A25EE402C00D1ABC5 /* Resources */,
			);
			buildRules = (
			);
			dependencies = (
				3FA7E45E25EE402C00D1ABC5 /* PBXTargetDependency */,
			);
			name = GuthubdemoTests;
			productName = GuthubdemoTests;
			productReference = 3FA7E45C25EE402C00D1ABC5 /* GuthubdemoTests.xctest */;
			productType = "com.apple.product-type.bundle.unit-test";
		};
		3FA7E46625EE402D00D1ABC5 /* GuthubdemoUITests */ = {
			isa = PBXNativeTarget;
			buildConfigurationList = 3FA7E47625EE402D00D1ABC5 /* Build configuration list for PBXNativeTarget "GuthubdemoUITests" */;
			buildPhases = (
				3FA7E46325EE402D00D1ABC5 /* Sources */,
				3FA7E46425EE402D00D1ABC5 /* Frameworks */,
				3FA7E46525EE402D00D1ABC5 /* Resources */,
			);
			buildRules = (
			);
			dependencies = (
				3FA7E46925EE402D00D1ABC5 /* PBXTargetDependency */,
			);
			name = GuthubdemoUITests;
			productName = GuthubdemoUITests;
			productReference = 3FA7E46725EE402D00D1ABC5 /* GuthubdemoUITests.xctest */;
			productType = "com.apple.product-type.bundle.ui-testing";
		};
/* End PBXNativeTarget section */

/* Begin PBXProject section */
		3FA7E43E25EE402900D1ABC5 /* Project object */ = {
			isa = PBXProject;
			attributes = {
				LastSwiftUpdateCheck = 1240;
				LastUpgradeCheck = 1240;
				TargetAttributes = {
					3FA7E44525EE402900D1ABC5 = {
						CreatedOnToolsVersion = 12.4;
					};
					3FA7E45B25EE402C00D1ABC5 = {
						CreatedOnToolsVersion = 12.4;
						TestTargetID = 3FA7E44525EE402900D1ABC5;
					};
					3FA7E46625EE402D00D1ABC5 = {
						CreatedOnToolsVersion = 12.4;
						TestTargetID = 3FA7E44525EE402900D1ABC5;
					};
				};
			};
			buildConfigurationList = 3FA7E44125EE402900D1ABC5 /* Build configuration list for PBXProject "Guthubdemo" */;
			compatibilityVersion = "Xcode 9.3";
			developmentRegion = en;
			hasScannedForEncodings = 0;
			knownRegions = (
				en,
				Base,
			);
			mainGroup = 3FA7E43D25EE402900D1ABC5;
			productRefGroup = 3FA7E44725EE402900D1ABC5 /* Products */;
			projectDirPath = "";
			projectRoot = "";
			targets = (
				3FA7E44525EE402900D1ABC5 /* Guthubdemo */,
				3FA7E45B25EE402C00D1ABC5 /* GuthubdemoTests */,
				3FA7E46625EE402D00D1ABC5 /* GuthubdemoUITests */,
			);
		};
/* End PBXProject section */

/* Begin PBXResourcesBuildPhase section */
		3FA7E44425EE402900D1ABC5 /* Resources */ = {
			isa = PBXResourcesBuildPhase;
			buildActionMask = 2147483647;
			files = (
				3FA7E45625EE402C00D1ABC5 /* LaunchScreen.storyboard in Resources */,
				3FA7E45325EE402C00D1ABC5 /* Assets.xcassets in Resources */,
				3FA7E45125EE402900D1ABC5 /* Main.storyboard in Resources */,
			);
			runOnlyForDeploymentPostprocessing = 0;
		};
		3FA7E45A25EE402C00D1ABC5 /* Resources */ = {
			isa = PBXResourcesBuildPhase;
			buildActionMask = 2147483647;
			files = (
			);
			runOnlyForDeploymentPostprocessing = 0;
		};
		3FA7E46525EE402D00D1ABC5 /* Resources */ = {
			isa = PBXResourcesBuildPhase;
			buildActionMask = 2147483647;
			files = (
			);
			runOnlyForDeploymentPostprocessing = 0;
		};
/* End PBXResourcesBuildPhase section */

/* Begin PBXSourcesBuildPhase section */
		3FA7E44225EE402900D1ABC5 /* Sources */ = {
			isa = PBXSourcesBuildPhase;
			buildActionMask = 2147483647;
			files = (
				3FA7E44E25EE402900D1ABC5 /* ViewController.swift in Sources */,
				3FA7E44A25EE402900D1ABC5 /* AppDelegate.swift in Sources */,
				3FA7E44C25EE402900D1ABC5 /* SceneDelegate.swift in Sources */,
			);
			runOnlyForDeploymentPostprocessing = 0;
		};
		3FA7E45825EE402C00D1ABC5 /* Sources */ = {
			isa = PBXSourcesBuildPhase;
			buildActionMask = 2147483647;
			files = (
				3FA7E46125EE402C00D1ABC5 /* GuthubdemoTests.swift in Sources */,
			);
			runOnlyForDeploymentPostprocessing = 0;
		};
		3FA7E46325EE402D00D1ABC5 /* Sources */ = {
			isa = PBXSourcesBuildPhase;
			buildActionMask = 2147483647;
			files = (
				3FA7E46C25EE402D00D1ABC5 /* GuthubdemoUITests.swift in Sources */,
			);
			runOnlyForDeploymentPostprocessing = 0;
		};
/* End PBXSourcesBuildPhase section */

/* Begin PBXTargetDependency section */
		3FA7E45E25EE402C00D1ABC5 /* PBXTargetDependency */ = {
			isa = PBXTargetDependency;
			target = 3FA7E44525EE402900D1ABC5 /* Guthubdemo */;
			targetProxy = 3FA7E45D25EE402C00D1ABC5 /* PBXContainerItemProxy */;
		};
		3FA7E46925EE402D00D1ABC5 /* PBXTargetDependency */ = {
			isa = PBXTargetDependency;
			target = 3FA7E44525EE402900D1ABC5 /* Guthubdemo */;
			targetProxy = 3FA7E46825EE402D00D1ABC5 /* PBXContainerItemProxy */;
		};
/* End PBXTargetDependency section */

/* Begin PBXVariantGroup section */
		3FA7E44F25EE402900D1ABC5 /* Main.storyboard */ = {
			isa = PBXVariantGroup;
			children = (
				3FA7E45025EE402900D1ABC5 /* Base */,
			);
			name = Main.storyboard;
			sourceTree = "<group>";
		};
		3FA7E45425EE402C00D1ABC5 /* LaunchScreen.storyboard */ = {
			isa = PBXVariantGroup;
			children = (
				3FA7E45525EE402C00D1ABC5 /* Base */,
			);
			name = LaunchScreen.storyboard;
			sourceTree = "<group>";
		};
/* End PBXVariantGroup section */

/* Begin XCBuildConfiguration section */
		3FA7E46E25EE402D00D1ABC5 /* Debug */ = {
			isa = XCBuildConfiguration;
			buildSettings = {
				ALWAYS_SEARCH_USER_PATHS = NO;
				CLANG_ANALYZER_NONNULL = YES;
				CLANG_ANALYZER_NUMBER_OBJECT_CONVERSION = YES_AGGRESSIVE;
				CLANG_CXX_LANGUAGE_STANDARD = "gnu++14";
				CLANG_CXX_LIBRARY = "libc++";
				CLANG_ENABLE_MODULES = YES;
				CLANG_ENABLE_OBJC_ARC = YES;
				CLANG_ENABLE_OBJC_WEAK = YES;
				CLANG_WARN_BLOCK_CAPTURE_AUTORELEASING = YES;
				CLANG_WARN_BOOL_CONVERSION = YES;
				CLANG_WARN_COMMA = YES;
				CLANG_WARN_CONSTANT_CONVERSION = YES;
				CLANG_WARN_DEPRECATED_OBJC_IMPLEMENTATIONS = YES;
				CLANG_WARN_DIRECT_OBJC_ISA_USAGE = YES_ERROR;
				CLANG_WARN_DOCUMENTATION_COMMENTS = YES;
				CLANG_WARN_EMPTY_BODY = YES;
				CLANG_WARN_ENUM_CONVERSION = YES;
				CLANG_WARN_INFINITE_RECURSION = YES;
				CLANG_WARN_INT_CONVERSION = YES;
				CLANG_WARN_NON_LITERAL_NULL_CONVERSION = YES;
				CLANG_WARN_OBJC_IMPLICIT_RETAIN_SELF = YES;
				CLANG_WARN_OBJC_LITERAL_CONVERSION = YES;
				CLANG_WARN_OBJC_ROOT_CLASS = YES_ERROR;
				CLANG_WARN_QUOTED_INCLUDE_IN_FRAMEWORK_HEADER = YES;
				CLANG_WARN_RANGE_LOOP_ANALYSIS = YES;
				CLANG_WARN_STRICT_PROTOTYPES = YES;
				CLANG_WARN_SUSPICIOUS_MOVE = YES;
				CLANG_WARN_UNGUARDED_AVAILABILITY = YES_AGGRESSIVE;
				CLANG_WARN_UNREACHABLE_CODE = YES;
				CLANG_WARN__DUPLICATE_METHOD_MATCH = YES;
				COPY_PHASE_STRIP = NO;
				DEBUG_INFORMATION_FORMAT = dwarf;
				ENABLE_STRICT_OBJC_MSGSEND = YES;
				ENABLE_TESTABILITY = YES;
				GCC_C_LANGUAGE_STANDARD = gnu11;
				GCC_DYNAMIC_NO_PIC = NO;
				GCC_NO_COMMON_BLOCKS = YES;
				GCC_OPTIMIZATION_LEVEL = 0;
				GCC_PREPROCESSOR_DEFINITIONS = (
					"DEBUG=1",
					"$(inherited)",
				);
				GCC_WARN_64_TO_32_BIT_CONVERSION = YES;
				GCC_WARN_ABOUT_RETURN_TYPE = YES_ERROR;
				GCC_WARN_UNDECLARED_SELECTOR = YES;
				GCC_WARN_UNINITIALIZED_AUTOS = YES_AGGRESSIVE;
				GCC_WARN_UNUSED_FUNCTION = YES;
				GCC_WARN_UNUSED_VARIABLE = YES;
				IPHONEOS_DEPLOYMENT_TARGET = 14.4;
				MTL_ENABLE_DEBUG_INFO = INCLUDE_SOURCE;
				MTL_FAST_MATH = YES;
				ONLY_ACTIVE_ARCH = YES;
				SDKROOT = iphoneos;
				SWIFT_ACTIVE_COMPILATION_CONDITIONS = DEBUG;
				SWIFT_OPTIMIZATION_LEVEL = "-Onone";
			};
			name = Debug;
		};
		3FA7E46F25EE402D00D1ABC5 /* Release */ = {
			isa = XCBuildConfiguration;
			buildSettings = {
				ALWAYS_SEARCH_USER_PATHS = NO;
				CLANG_ANALYZER_NONNULL = YES;
				CLANG_ANALYZER_NUMBER_OBJECT_CONVERSION = YES_AGGRESSIVE;
				CLANG_CXX_LANGUAGE_STANDARD = "gnu++14";
				CLANG_CXX_LIBRARY = "libc++";
				CLANG_ENABLE_MODULES = YES;
				CLANG_ENABLE_OBJC_ARC = YES;
				CLANG_ENABLE_OBJC_WEAK = YES;
				CLANG_WARN_BLOCK_CAPTURE_AUTORELEASING = YES;
				CLANG_WARN_BOOL_CONVERSION = YES;
				CLANG_WARN_COMMA = YES;
				CLANG_WARN_CONSTANT_CONVERSION = YES;
				CLANG_WARN_DEPRECATED_OBJC_IMPLEMENTATIONS = YES;
				CLANG_WARN_DIRECT_OBJC_ISA_USAGE = YES_ERROR;
				CLANG_WARN_DOCUMENTATION_COMMENTS = YES;
				CLANG_WARN_EMPTY_BODY = YES;
				CLANG_WARN_ENUM_CONVERSION = YES;
				CLANG_WARN_INFINITE_RECURSION = YES;
				CLANG_WARN_INT_CONVERSION = YES;
				CLANG_WARN_NON_LITERAL_NULL_CONVERSION = YES;
				CLANG_WARN_OBJC_IMPLICIT_RETAIN_SELF = YES;
				CLANG_WARN_OBJC_LITERAL_CONVERSION = YES;
				CLANG_WARN_OBJC_ROOT_CLASS = YES_ERROR;
				CLANG_WARN_QUOTED_INCLUDE_IN_FRAMEWORK_HEADER = YES;
				CLANG_WARN_RANGE_LOOP_ANALYSIS = YES;
				CLANG_WARN_STRICT_PROTOTYPES = YES;
				CLANG_WARN_SUSPICIOUS_MOVE = YES;
				CLANG_WARN_UNGUARDED_AVAILABILITY = YES_AGGRESSIVE;
				CLANG_WARN_UNREACHABLE_CODE = YES;
				CLANG_WARN__DUPLICATE_METHOD_MATCH = YES;
				COPY_PHASE_STRIP = NO;
				DEBUG_INFORMATION_FORMAT = "dwarf-with-dsym";
				ENABLE_NS_ASSERTIONS = NO;
				ENABLE_STRICT_OBJC_MSGSEND = YES;
				GCC_C_LANGUAGE_STANDARD = gnu11;
				GCC_NO_COMMON_BLOCKS = YES;
				GCC_WARN_64_TO_32_BIT_CONVERSION = YES;
				GCC_WARN_ABOUT_RETURN_TYPE = YES_ERROR;
				GCC_WARN_UNDECLARED_SELECTOR = YES;
				GCC_WARN_UNINITIALIZED_AUTOS = YES_AGGRESSIVE;
				GCC_WARN_UNUSED_FUNCTION = YES;
				GCC_WARN_UNUSED_VARIABLE = YES;
				IPHONEOS_DEPLOYMENT_TARGET = 14.4;
				MTL_ENABLE_DEBUG_INFO = NO;
				MTL_FAST_MATH = YES;
				SDKROOT = iphoneos;
				SWIFT_COMPILATION_MODE = wholemodule;
				SWIFT_OPTIMIZATION_LEVEL = "-O";
				VALIDATE_PRODUCT = YES;
			};
			name = Release;
		};
		3FA7E47125EE402D00D1ABC5 /* Debug */ = {
			isa = XCBuildConfiguration;
			buildSettings = {
				ASSETCATALOG_COMPILER_APPICON_NAME = AppIcon;
				ASSETCATALOG_COMPILER_GLOBAL_ACCENT_COLOR_NAME = AccentColor;
				CODE_SIGN_STYLE = Automatic;
				DEVELOPMENT_TEAM = BBR7NL4N9H;
				INFOPLIST_FILE = Guthubdemo/Info.plist;
				LD_RUNPATH_SEARCH_PATHS = (
					"$(inherited)",
					"@executable_path/Frameworks",
				);
				PRODUCT_BUNDLE_IDENTIFIER = toolsforpedagogy.Guthubdemo;
				PRODUCT_NAME = "$(TARGET_NAME)";
				SWIFT_VERSION = 5.0;
				TARGETED_DEVICE_FAMILY = "1,2";
			};
			name = Debug;
		};
		3FA7E47225EE402D00D1ABC5 /* Release */ = {
			isa = XCBuildConfiguration;
			buildSettings = {
				ASSETCATALOG_COMPILER_APPICON_NAME = AppIcon;
				ASSETCATALOG_COMPILER_GLOBAL_ACCENT_COLOR_NAME = AccentColor;
				CODE_SIGN_STYLE = Automatic;
				DEVELOPMENT_TEAM = BBR7NL4N9H;
				INFOPLIST_FILE = Guthubdemo/Info.plist;
				LD_RUNPATH_SEARCH_PATHS = (
					"$(inherited)",
					"@executable_path/Frameworks",
				);
				PRODUCT_BUNDLE_IDENTIFIER = toolsforpedagogy.Guthubdemo;
				PRODUCT_NAME = "$(TARGET_NAME)";
				SWIFT_VERSION = 5.0;
				TARGETED_DEVICE_FAMILY = "1,2";
			};
			name = Release;
		};
		3FA7E47425EE402D00D1ABC5 /* Debug */ = {
			isa = XCBuildConfiguration;
			buildSettings = {
				ALWAYS_EMBED_SWIFT_STANDARD_LIBRARIES = YES;
				BUNDLE_LOADER = "$(TEST_HOST)";
				CODE_SIGN_STYLE = Automatic;
				DEVELOPMENT_TEAM = BBR7NL4N9H;
				INFOPLIST_FILE = GuthubdemoTests/Info.plist;
				IPHONEOS_DEPLOYMENT_TARGET = 14.4;
				LD_RUNPATH_SEARCH_PATHS = (
					"$(inherited)",
					"@executable_path/Frameworks",
					"@loader_path/Frameworks",
				);
				PRODUCT_BUNDLE_IDENTIFIER = toolsforpedagogy.GuthubdemoTests;
				PRODUCT_NAME = "$(TARGET_NAME)";
				SWIFT_VERSION = 5.0;
				TARGETED_DEVICE_FAMILY = "1,2";
				TEST_HOST = "$(BUILT_PRODUCTS_DIR)/Guthubdemo.app/Guthubdemo";
			};
			name = Debug;
		};
		3FA7E47525EE402D00D1ABC5 /* Release */ = {
			isa = XCBuildConfiguration;
			buildSettings = {
				ALWAYS_EMBED_SWIFT_STANDARD_LIBRARIES = YES;
				BUNDLE_LOADER = "$(TEST_HOST)";
				CODE_SIGN_STYLE = Automatic;
				DEVELOPMENT_TEAM = BBR7NL4N9H;
				INFOPLIST_FILE = GuthubdemoTests/Info.plist;
				IPHONEOS_DEPLOYMENT_TARGET = 14.4;
				LD_RUNPATH_SEARCH_PATHS = (
					"$(inherited)",
					"@executable_path/Frameworks",
					"@loader_path/Frameworks",
				);
				PRODUCT_BUNDLE_IDENTIFIER = toolsforpedagogy.GuthubdemoTests;
				PRODUCT_NAME = "$(TARGET_NAME)";
				SWIFT_VERSION = 5.0;
				TARGETED_DEVICE_FAMILY = "1,2";
				TEST_HOST = "$(BUILT_PRODUCTS_DIR)/Guthubdemo.app/Guthubdemo";
			};
			name = Release;
		};
		3FA7E47725EE402D00D1ABC5 /* Debug */ = {
			isa = XCBuildConfiguration;
			buildSettings = {
				ALWAYS_EMBED_SWIFT_STANDARD_LIBRARIES = YES;
				CODE_SIGN_STYLE = Automatic;
				DEVELOPMENT_TEAM = BBR7NL4N9H;
				INFOPLIST_FILE = GuthubdemoUITests/Info.plist;
				LD_RUNPATH_SEARCH_PATHS = (
					"$(inherited)",
					"@executable_path/Frameworks",
					"@loader_path/Frameworks",
				);
				PRODUCT_BUNDLE_IDENTIFIER = toolsforpedagogy.GuthubdemoUITests;
				PRODUCT_NAME = "$(TARGET_NAME)";
				SWIFT_VERSION = 5.0;
				TARGETED_DEVICE_FAMILY = "1,2";
				TEST_TARGET_NAME = Guthubdemo;
			};
			name = Debug;
		};
		3FA7E47825EE402D00D1ABC5 /* Release */ = {
			isa = XCBuildConfiguration;
			buildSettings = {
				ALWAYS_EMBED_SWIFT_STANDARD_LIBRARIES = YES;
				CODE_SIGN_STYLE = Automatic;
				DEVELOPMENT_TEAM = BBR7NL4N9H;
				INFOPLIST_FILE = GuthubdemoUITests/Info.plist;
				LD_RUNPATH_SEARCH_PATHS = (
					"$(inherited)",
					"@executable_path/Frameworks",
					"@loader_path/Frameworks",
				);
				PRODUCT_BUNDLE_IDENTIFIER = toolsforpedagogy.GuthubdemoUITests;
				PRODUCT_NAME = "$(TARGET_NAME)";
				SWIFT_VERSION = 5.0;
				TARGETED_DEVICE_FAMILY = "1,2";
				TEST_TARGET_NAME = Guthubdemo;
			};
			name = Release;
		};
/* End XCBuildConfiguration section */

/* Begin XCConfigurationList section */
		3FA7E44125EE402900D1ABC5 /* Build configuration list for PBXProject "Guthubdemo" */ = {
			isa = XCConfigurationList;
			buildConfigurations = (
				3FA7E46E25EE402D00D1ABC5 /* Debug */,
				3FA7E46F25EE402D00D1ABC5 /* Release */,
			);
			defaultConfigurationIsVisible = 0;
			defaultConfigurationName = Release;
		};
		3FA7E47025EE402D00D1ABC5 /* Build configuration list for PBXNativeTarget "Guthubdemo" */ = {
			isa = XCConfigurationList;
			buildConfigurations = (
				3FA7E47125EE402D00D1ABC5 /* Debug */,
				3FA7E47225EE402D00D1ABC5 /* Release */,
			);
			defaultConfigurationIsVisible = 0;
			defaultConfigurationName = Release;
		};
		3FA7E47325EE402D00D1ABC5 /* Build configuration list for PBXNativeTarget "GuthubdemoTests" */ = {
			isa = XCConfigurationList;
			buildConfigurations = (
				3FA7E47425EE402D00D1ABC5 /* Debug */,
				3FA7E47525EE402D00D1ABC5 /* Release */,
			);
			defaultConfigurationIsVisible = 0;
			defaultConfigurationName = Release;
		};
		3FA7E47625EE402D00D1ABC5 /* Build configuration list for PBXNativeTarget "GuthubdemoUITests" */ = {
			isa = XCConfigurationList;
			buildConfigurations = (
				3FA7E47725EE402D00D1ABC5 /* Debug */,
				3FA7E47825EE402D00D1ABC5 /* Release */,
			);
			defaultConfigurationIsVisible = 0;
			defaultConfigurationName = Release;
		};
/* End XCConfigurationList section */
	};
	rootObject = 3FA7E43E25EE402900D1ABC5 /* Project object */;
}
